
Microsoft Visual Studio Solution File, Format Version 12.00
# Visual Studio Version 17
VisualStudioVersion = 17.7.34221.43
MinimumVisualStudioVersion = 10.0.40219.1
Project("{FAE04EC0-301F-11D3-BF4B-00C04F79EFBC}") = "MLNETAPP", "MLNETAPP.csproj", "{79FC8FF3-308B-425C-8053-AEA29F80C28C}"
EndProject
Global
	GlobalSection(SolutionConfigurationPlatforms) = preSolution
		Debug|Any CPU = Debug|Any CPU
		Release|Any CPU = Release|Any CPU
	EndGlobalSection
	GlobalSection(ProjectConfigurationPlatforms) = postSolution
		{79FC8FF3-308B-425C-8053-AEA29F80C28C}.Debug|Any CPU.ActiveCfg = Debug|Any CPU
		{79FC8FF3-308B-425C-8053-AEA29F80C28C}.Debug|Any CPU.Build.0 = Debug|Any CPU
		{79FC8FF3-308B-425C-8053-AEA29F80C28C}.Release|Any CPU.ActiveCfg = Release|Any CPU
		{79FC8FF3-308B-425C-8053-AEA29F80C28C}.Release|Any CPU.Build.0 = Release|Any CPU
	EndGlobalSection
	GlobalSection(SolutionProperties) = preSolution
		HideSolutionNode = FALSE
	EndGlobalSection
	GlobalSection(ExtensibilityGlobals) = postSolution
		SolutionGuid = {B8F02CBE-7219-42AF-A8D0-0061A78ED5BB}
	EndGlobalSection
EndGlobal
